// !$*UTF8*$!
{
	archiveVersion = 1;
	classes = {
	};
	objectVersion = 50;
	objects = {

/* Begin PBXBuildFile section */
		6452C9CE260BD598008530D8 /* Challenge_about_filmApp.swift in Sources */ = {isa = PBXBuildFile; fileRef = 6452C9CD260BD598008530D8 /* Challenge_about_filmApp.swift */; };
		6452C9D0260BD598008530D8 /* ContentView.swift in Sources */ = {isa = PBXBuildFile; fileRef = 6452C9CF260BD598008530D8 /* ContentView.swift */; };
		6452C9D2260BD599008530D8 /* Assets.xcassets in Resources */ = {isa = PBXBuildFile; fileRef = 6452C9D1260BD599008530D8 /* Assets.xcassets */; };
		6452C9D5260BD599008530D8 /* Preview Assets.xcassets in Resources */ = {isa = PBXBuildFile; fileRef = 6452C9D4260BD599008530D8 /* Preview Assets.xcassets */; };
		6452C9D7260BD599008530D8 /* Persistence.swift in Sources */ = {isa = PBXBuildFile; fileRef = 6452C9D6260BD599008530D8 /* Persistence.swift */; };
		6452C9DA260BD599008530D8 /* Challenge_about_film.xcdatamodeld in Sources */ = {isa = PBXBuildFile; fileRef = 6452C9D8260BD599008530D8 /* Challenge_about_film.xcdatamodeld */; };
		6452C9E7260C12B1008530D8 /* MovieDetails.swift in Sources */ = {isa = PBXBuildFile; fileRef = 6452C9E6260C12B1008530D8 /* MovieDetails.swift */; };
		6485197B260D58020019341C /* RowContent.swift in Sources */ = {isa = PBXBuildFile; fileRef = 6485197A260D58020019341C /* RowContent.swift */; };
/* End PBXBuildFile section */

/* Begin PBXFileReference section */
		6452C9CA260BD598008530D8 /* Challenge about film.app */ = {isa = PBXFileReference; explicitFileType = wrapper.application; includeInIndex = 0; path = "Challenge about film.app"; sourceTree = BUILT_PRODUCTS_DIR; };
		6452C9CD260BD598008530D8 /* Challenge_about_filmApp.swift */ = {isa = PBXFileReference; lastKnownFileType = sourcecode.swift; path = Challenge_about_filmApp.swift; sourceTree = "<group>"; };
		6452C9CF260BD598008530D8 /* ContentView.swift */ = {isa = PBXFileReference; lastKnownFileType = sourcecode.swift; path = ContentView.swift; sourceTree = "<group>"; };
		6452C9D1260BD599008530D8 /* Assets.xcassets */ = {isa = PBXFileReference; lastKnownFileType = folder.assetcatalog; path = Assets.xcassets; sourceTree = "<group>"; };
		6452C9D4260BD599008530D8 /* Preview Assets.xcassets */ = {isa = PBXFileReference; lastKnownFileType = folder.assetcatalog; path = "Preview Assets.xcassets"; sourceTree = "<group>"; };
		6452C9D6260BD599008530D8 /* Persistence.swift */ = {isa = PBXFileReference; lastKnownFileType = sourcecode.swift; path = Persistence.swift; sourceTree = "<group>"; };
		6452C9D9260BD599008530D8 /* Challenge_about_film.xcdatamodel */ = {isa = PBXFileReference; lastKnownFileType = wrapper.xcdatamodel; path = Challenge_about_film.xcdatamodel; sourceTree = "<group>"; };
		6452C9DB260BD599008530D8 /* Info.plist */ = {isa = PBXFileReference; lastKnownFileType = text.plist.xml; path = Info.plist; sourceTree = "<group>"; };
		6452C9E6260C12B1008530D8 /* MovieDetails.swift */ = {isa = PBXFileReference; lastKnownFileType = sourcecode.swift; path = MovieDetails.swift; sourceTree = "<group>"; };
		6485197A260D58020019341C /* RowContent.swift */ = {isa = PBXFileReference; lastKnownFileType = sourcecode.swift; path = RowContent.swift; sourceTree = "<group>"; };
/* End PBXFileReference section */

/* Begin PBXFrameworksBuildPhase section */
		6452C9C7260BD598008530D8 /* Frameworks */ = {
			isa = PBXFrameworksBuildPhase;
			buildActionMask = 2147483647;
			files = (
			);
			runOnlyForDeploymentPostprocessing = 0;
		};
/* End PBXFrameworksBuildPhase section */

/* Begin PBXGroup section */
		6452C9C1260BD598008530D8 = {
			isa = PBXGroup;
			children = (
				6452C9CC260BD598008530D8 /* Challenge about film */,
				6452C9CB260BD598008530D8 /* Products */,
			);
			sourceTree = "<group>";
		};
		6452C9CB260BD598008530D8 /* Products */ = {
			isa = PBXGroup;
			children = (
				6452C9CA260BD598008530D8 /* Challenge about film.app */,
			);
			name = Products;
			sourceTree = "<group>";
		};
		6452C9CC260BD598008530D8 /* Challenge about film */ = {
			isa = PBXGroup;
			children = (
				6452C9E4260BFB24008530D8 /* Model */,
				6452C9E3260BFB13008530D8 /* View */,
				6452C9E2260BFAEE008530D8 /* ViewModel */,
				6452C9CD260BD598008530D8 /* Challenge_about_filmApp.swift */,
				6452C9D1260BD599008530D8 /* Assets.xcassets */,
				6452C9D6260BD599008530D8 /* Persistence.swift */,
				6452C9DB260BD599008530D8 /* Info.plist */,
				6452C9D8260BD599008530D8 /* Challenge_about_film.xcdatamodeld */,
				6452C9D3260BD599008530D8 /* Preview Content */,
			);
			path = "Challenge about film";
			sourceTree = "<group>";
		};
		6452C9D3260BD599008530D8 /* Preview Content */ = {
			isa = PBXGroup;
			children = (
				6452C9D4260BD599008530D8 /* Preview Assets.xcassets */,
			);
			path = "Preview Content";
			sourceTree = "<group>";
		};
		6452C9E2260BFAEE008530D8 /* ViewModel */ = {
			isa = PBXGroup;
			children = (
			);
			path = ViewModel;
			sourceTree = "<group>";
		};
		6452C9E3260BFB13008530D8 /* View */ = {
			isa = PBXGroup;
			children = (
				6452C9CF260BD598008530D8 /* ContentView.swift */,
				6452C9E6260C12B1008530D8 /* MovieDetails.swift */,
				6485197A260D58020019341C /* RowContent.swift */,
			);
			path = View;
			sourceTree = "<group>";
		};
		6452C9E4260BFB24008530D8 /* Model */ = {
			isa = PBXGroup;
			children = (
			);
			path = Model;
			sourceTree = "<group>";
		};
/* End PBXGroup section */

/* Begin PBXNativeTarget section */
		6452C9C9260BD598008530D8 /* Challenge about film */ = {
			isa = PBXNativeTarget;
			buildConfigurationList = 6452C9DE260BD599008530D8 /* Build configuration list for PBXNativeTarget "Challenge about film" */;
			buildPhases = (
				6452C9C6260BD598008530D8 /* Sources */,
				6452C9C7260BD598008530D8 /* Frameworks */,
				6452C9C8260BD598008530D8 /* Resources */,
			);
			buildRules = (
			);
			dependencies = (
			);
			name = "Challenge about film";
			productName = "Challenge about film";
			productReference = 6452C9CA260BD598008530D8 /* Challenge about film.app */;
			productType = "com.apple.product-type.application";
		};
/* End PBXNativeTarget section */

/* Begin PBXProject section */
		6452C9C2260BD598008530D8 /* Project object */ = {
			isa = PBXProject;
			attributes = {
				LastSwiftUpdateCheck = 1240;
				LastUpgradeCheck = 1240;
				TargetAttributes = {
					6452C9C9260BD598008530D8 = {
						CreatedOnToolsVersion = 12.4;
					};
				};
			};
			buildConfigurationList = 6452C9C5260BD598008530D8 /* Build configuration list for PBXProject "Challenge about film" */;
			compatibilityVersion = "Xcode 9.3";
			developmentRegion = en;
			hasScannedForEncodings = 0;
			knownRegions = (
				en,
				Base,
			);
			mainGroup = 6452C9C1260BD598008530D8;
			productRefGroup = 6452C9CB260BD598008530D8 /* Products */;
			projectDirPath = "";
			projectRoot = "";
			targets = (
				6452C9C9260BD598008530D8 /* Challenge about film */,
			);
		};
/* End PBXProject section */

/* Begin PBXResourcesBuildPhase section */
		6452C9C8260BD598008530D8 /* Resources */ = {
			isa = PBXResourcesBuildPhase;
			buildActionMask = 2147483647;
			files = (
				6452C9D5260BD599008530D8 /* Preview Assets.xcassets in Resources */,
				6452C9D2260BD599008530D8 /* Assets.xcassets in Resources */,
			);
			runOnlyForDeploymentPostprocessing = 0;
		};
/* End PBXResourcesBuildPhase section */

/* Begin PBXSourcesBuildPhase section */
		6452C9C6260BD598008530D8 /* Sources */ = {
			isa = PBXSourcesBuildPhase;
			buildActionMask = 2147483647;
			files = (
				6452C9D7260BD599008530D8 /* Persistence.swift in Sources */,
				6452C9D0260BD598008530D8 /* ContentView.swift in Sources */,
				6485197B260D58020019341C /* RowContent.swift in Sources */,
				6452C9CE260BD598008530D8 /* Challenge_about_filmApp.swift in Sources */,
				6452C9E7260C12B1008530D8 /* MovieDetails.swift in Sources */,
				6452C9DA260BD599008530D8 /* Challenge_about_film.xcdatamodeld in Sources */,
			);
			runOnlyForDeploymentPostprocessing = 0;
		};
/* End PBXSourcesBuildPhase section */

/* Begin XCBuildConfiguration section */
		6452C9DC260BD599008530D8 /* Debug */ = {
			isa = XCBuildConfiguration;
			buildSettings = {
				ALWAYS_SEARCH_USER_PATHS = NO;
				CLANG_ANALYZER_NONNULL = YES;
				CLANG_ANALYZER_NUMBER_OBJECT_CONVERSION = YES_AGGRESSIVE;
				CLANG_CXX_LANGUAGE_STANDARD = "gnu++14";
				CLANG_CXX_LIBRARY = "libc++";
				CLANG_ENABLE_MODULES = YES;
				CLANG_ENABLE_OBJC_ARC = YES;
				CLANG_ENABLE_OBJC_WEAK = YES;
				CLANG_WARN_BLOCK_CAPTURE_AUTORELEASING = YES;
				CLANG_WARN_BOOL_CONVERSION = YES;
				CLANG_WARN_COMMA = YES;
				CLANG_WARN_CONSTANT_CONVERSION = YES;
				CLANG_WARN_DEPRECATED_OBJC_IMPLEMENTATIONS = YES;
				CLANG_WARN_DIRECT_OBJC_ISA_USAGE = YES_ERROR;
				CLANG_WARN_DOCUMENTATION_COMMENTS = YES;
				CLANG_WARN_EMPTY_BODY = YES;
				CLANG_WARN_ENUM_CONVERSION = YES;
				CLANG_WARN_INFINITE_RECURSION = YES;
				CLANG_WARN_INT_CONVERSION = YES;
				CLANG_WARN_NON_LITERAL_NULL_CONVERSION = YES;
				CLANG_WARN_OBJC_IMPLICIT_RETAIN_SELF = YES;
				CLANG_WARN_OBJC_LITERAL_CONVERSION = YES;
				CLANG_WARN_OBJC_ROOT_CLASS = YES_ERROR;
				CLANG_WARN_QUOTED_INCLUDE_IN_FRAMEWORK_HEADER = YES;
				CLANG_WARN_RANGE_LOOP_ANALYSIS = YES;
				CLANG_WARN_STRICT_PROTOTYPES = YES;
				CLANG_WARN_SUSPICIOUS_MOVE = YES;
				CLANG_WARN_UNGUARDED_AVAILABILITY = YES_AGGRESSIVE;
				CLANG_WARN_UNREACHABLE_CODE = YES;
				CLANG_WARN__DUPLICATE_METHOD_MATCH = YES;
				COPY_PHASE_STRIP = NO;
				DEBUG_INFORMATION_FORMAT = dwarf;
				ENABLE_STRICT_OBJC_MSGSEND = YES;
				ENABLE_TESTABILITY = YES;
				GCC_C_LANGUAGE_STANDARD = gnu11;
				GCC_DYNAMIC_NO_PIC = NO;
				GCC_NO_COMMON_BLOCKS = YES;
				GCC_OPTIMIZATION_LEVEL = 0;
				GCC_PREPROCESSOR_DEFINITIONS = (
					"DEBUG=1",
					"$(inherited)",
				);
				GCC_WARN_64_TO_32_BIT_CONVERSION = YES;
				GCC_WARN_ABOUT_RETURN_TYPE = YES_ERROR;
				GCC_WARN_UNDECLARED_SELECTOR = YES;
				GCC_WARN_UNINITIALIZED_AUTOS = YES_AGGRESSIVE;
				GCC_WARN_UNUSED_FUNCTION = YES;
				GCC_WARN_UNUSED_VARIABLE = YES;
				IPHONEOS_DEPLOYMENT_TARGET = 14.4;
				MTL_ENABLE_DEBUG_INFO = INCLUDE_SOURCE;
				MTL_FAST_MATH = YES;
				ONLY_ACTIVE_ARCH = YES;
				SDKROOT = iphoneos;
				SWIFT_ACTIVE_COMPILATION_CONDITIONS = DEBUG;
				SWIFT_OPTIMIZATION_LEVEL = "-Onone";
			};
			name = Debug;
		};
		6452C9DD260BD599008530D8 /* Release */ = {
			isa = XCBuildConfiguration;
			buildSettings = {
				ALWAYS_SEARCH_USER_PATHS = NO;
				CLANG_ANALYZER_NONNULL = YES;
				CLANG_ANALYZER_NUMBER_OBJECT_CONVERSION = YES_AGGRESSIVE;
				CLANG_CXX_LANGUAGE_STANDARD = "gnu++14";
				CLANG_CXX_LIBRARY = "libc++";
				CLANG_ENABLE_MODULES = YES;
				CLANG_ENABLE_OBJC_ARC = YES;
				CLANG_ENABLE_OBJC_WEAK = YES;
				CLANG_WARN_BLOCK_CAPTURE_AUTORELEASING = YES;
				CLANG_WARN_BOOL_CONVERSION = YES;
				CLANG_WARN_COMMA = YES;
				CLANG_WARN_CONSTANT_CONVERSION = YES;
				CLANG_WARN_DEPRECATED_OBJC_IMPLEMENTATIONS = YES;
				CLANG_WARN_DIRECT_OBJC_ISA_USAGE = YES_ERROR;
				CLANG_WARN_DOCUMENTATION_COMMENTS = YES;
				CLANG_WARN_EMPTY_BODY = YES;
				CLANG_WARN_ENUM_CONVERSION = YES;
				CLANG_WARN_INFINITE_RECURSION = YES;
				CLANG_WARN_INT_CONVERSION = YES;
				CLANG_WARN_NON_LITERAL_NULL_CONVERSION = YES;
				CLANG_WARN_OBJC_IMPLICIT_RETAIN_SELF = YES;
				CLANG_WARN_OBJC_LITERAL_CONVERSION = YES;
				CLANG_WARN_OBJC_ROOT_CLASS = YES_ERROR;
				CLANG_WARN_QUOTED_INCLUDE_IN_FRAMEWORK_HEADER = YES;
				CLANG_WARN_RANGE_LOOP_ANALYSIS = YES;
				CLANG_WARN_STRICT_PROTOTYPES = YES;
				CLANG_WARN_SUSPICIOUS_MOVE = YES;
				CLANG_WARN_UNGUARDED_AVAILABILITY = YES_AGGRESSIVE;
				CLANG_WARN_UNREACHABLE_CODE = YES;
				CLANG_WARN__DUPLICATE_METHOD_MATCH = YES;
				COPY_PHASE_STRIP = NO;
				DEBUG_INFORMATION_FORMAT = "dwarf-with-dsym";
				ENABLE_NS_ASSERTIONS = NO;
				ENABLE_STRICT_OBJC_MSGSEND = YES;
				GCC_C_LANGUAGE_STANDARD = gnu11;
				GCC_NO_COMMON_BLOCKS = YES;
				GCC_WARN_64_TO_32_BIT_CONVERSION = YES;
				GCC_WARN_ABOUT_RETURN_TYPE = YES_ERROR;
				GCC_WARN_UNDECLARED_SELECTOR = YES;
				GCC_WARN_UNINITIALIZED_AUTOS = YES_AGGRESSIVE;
				GCC_WARN_UNUSED_FUNCTION = YES;
				GCC_WARN_UNUSED_VARIABLE = YES;
				IPHONEOS_DEPLOYMENT_TARGET = 14.4;
				MTL_ENABLE_DEBUG_INFO = NO;
				MTL_FAST_MATH = YES;
				SDKROOT = iphoneos;
				SWIFT_COMPILATION_MODE = wholemodule;
				SWIFT_OPTIMIZATION_LEVEL = "-O";
				VALIDATE_PRODUCT = YES;
			};
			name = Release;
		};
		6452C9DF260BD599008530D8 /* Debug */ = {
			isa = XCBuildConfiguration;
			buildSettings = {
				ASSETCATALOG_COMPILER_APPICON_NAME = AppIcon;
				ASSETCATALOG_COMPILER_GLOBAL_ACCENT_COLOR_NAME = AccentColor;
				CODE_SIGN_STYLE = Automatic;
				DEVELOPMENT_ASSET_PATHS = "\"Challenge about film/Preview Content\"";
				DEVELOPMENT_TEAM = 42ZN9N6G82;
				ENABLE_PREVIEWS = YES;
				INFOPLIST_FILE = "Challenge about film/Info.plist";
				IPHONEOS_DEPLOYMENT_TARGET = 14.0;
				LD_RUNPATH_SEARCH_PATHS = (
					"$(inherited)",
					"@executable_path/Frameworks",
				);
				PRODUCT_BUNDLE_IDENTIFIER = "com.rebeca.Challenge-about-film";
				PRODUCT_NAME = "$(TARGET_NAME)";
				SWIFT_VERSION = 5.0;
				TARGETED_DEVICE_FAMILY = "1,2";
			};
			name = Debug;
		};
		6452C9E0260BD599008530D8 /* Release */ = {
			isa = XCBuildConfiguration;
			buildSettings = {
				ASSETCATALOG_COMPILER_APPICON_NAME = AppIcon;
				ASSETCATALOG_COMPILER_GLOBAL_ACCENT_COLOR_NAME = AccentColor;
				CODE_SIGN_STYLE = Automatic;
				DEVELOPMENT_ASSET_PATHS = "\"Challenge about film/Preview Content\"";
				DEVELOPMENT_TEAM = 42ZN9N6G82;
				ENABLE_PREVIEWS = YES;
				INFOPLIST_FILE = "Challenge about film/Info.plist";
				IPHONEOS_DEPLOYMENT_TARGET = 14.0;
				LD_RUNPATH_SEARCH_PATHS = (
					"$(inherited)",
					"@executable_path/Frameworks",
				);
				PRODUCT_BUNDLE_IDENTIFIER = "com.rebeca.Challenge-about-film";
				PRODUCT_NAME = "$(TARGET_NAME)";
				SWIFT_VERSION = 5.0;
				TARGETED_DEVICE_FAMILY = "1,2";
			};
			name = Release;
		};
/* End XCBuildConfiguration section */

/* Begin XCConfigurationList section */
		6452C9C5260BD598008530D8 /* Build configuration list for PBXProject "Challenge about film" */ = {
			isa = XCConfigurationList;
			buildConfigurations = (
				6452C9DC260BD599008530D8 /* Debug */,
				6452C9DD260BD599008530D8 /* Release */,
			);
			defaultConfigurationIsVisible = 0;
			defaultConfigurationName = Release;
		};
		6452C9DE260BD599008530D8 /* Build configuration list for PBXNativeTarget "Challenge about film" */ = {
			isa = XCConfigurationList;
			buildConfigurations = (
				6452C9DF260BD599008530D8 /* Debug */,
				6452C9E0260BD599008530D8 /* Release */,
			);
			defaultConfigurationIsVisible = 0;
			defaultConfigurationName = Release;
		};
/* End XCConfigurationList section */

/* Begin XCVersionGroup section */
		6452C9D8260BD599008530D8 /* Challenge_about_film.xcdatamodeld */ = {
			isa = XCVersionGroup;
			children = (
				6452C9D9260BD599008530D8 /* Challenge_about_film.xcdatamodel */,
			);
			currentVersion = 6452C9D9260BD599008530D8 /* Challenge_about_film.xcdatamodel */;
			path = Challenge_about_film.xcdatamodeld;
			sourceTree = "<group>";
			versionGroupType = wrapper.xcdatamodel;
		};
/* End XCVersionGroup section */
	};
	rootObject = 6452C9C2260BD598008530D8 /* Project object */;
}
